
Microsoft Visual Studio Solution File, Format Version 12.00
# Visual Studio Version 17
VisualStudioVersion = 17.3.32825.248
MinimumVisualStudioVersion = 10.0.40219.1
Project("{9A19103F-16F7-4668-BE54-9A1E7A4F7556}") = "OrderService", "OrderService\OrderService.csproj", "{3521F40D-B1FA-49FF-ADDB-48AB2DFABCD1}"
EndProject
Global
	GlobalSection(SolutionConfigurationPlatforms) = preSolution
		Debug|Any CPU = Debug|Any CPU
		Release|Any CPU = Release|Any CPU
	EndGlobalSection
	GlobalSection(ProjectConfigurationPlatforms) = postSolution
		{3521F40D-B1FA-49FF-ADDB-48AB2DFABCD1}.Debug|Any CPU.ActiveCfg = Debug|Any CPU
		{3521F40D-B1FA-49FF-ADDB-48AB2DFABCD1}.Debug|Any CPU.Build.0 = Debug|Any CPU
		{3521F40D-B1FA-49FF-ADDB-48AB2DFABCD1}.Release|Any CPU.ActiveCfg = Release|Any CPU
		{3521F40D-B1FA-49FF-ADDB-48AB2DFABCD1}.Release|Any CPU.Build.0 = Release|Any CPU
	EndGlobalSection
	GlobalSection(SolutionProperties) = preSolution
		HideSolutionNode = FALSE
	EndGlobalSection
	GlobalSection(ExtensibilityGlobals) = postSolution
		SolutionGuid = {21651F81-D8DB-49DE-AD27-3963A8FE4E4C}
	EndGlobalSection
EndGlobal
